{
  "nodes": {
    "nixpkgs": {
      "locked": {
        "lastModified": 1690022785,
        "narHash": "sha256-WV3Rg6WcP3UErddn/+Kw3BTsc8kB9F4Y5sv7I/N5q4o=",
        "owner": "nixos",
        "repo": "nixpkgs",
        "rev": "0ee595490f5b1d181cccc17928aa250faf4b91c1",
        "type": "github"
      },
      "original": {
        "owner": "nixos",
        "ref": "release-23.05",
        "repo": "nixpkgs",
        "type": "github"
      }
    },
    "root": {
      "inputs": {
        "nixpkgs": "nixpkgs"
      }
    }
  },
  "root": "root",
  "version": 7
}
